{
  "name": "bluestock_mf_capstone",
  "lockfileVersion": 3,
  "requires": true,
  "packages": {
    "": {
      "dependencies": {
        "matplotlib": "^1.0.0",
        "scipy": "^0.1.4",
        "sqlalchemy": "^10.1.1"
      }
    },
    "node_modules/matplotlib": {
      "version": "1.0.0",
      "resolved": "https://registry.npmjs.org/matplotlib/-/matplotlib-1.0.0.tgz",
      "integrity": "sha512-BiYNXIswoWqkcQ2dT+DbOAy8dR+Gi72rKilabj7x2SMAs8HDHDynvgbIPHHQn3SnR78IBh6rNxhlAbQPEjuwlw==",
      "license": "Apache-2.0"
    },
    "node_modules/scipy": {
      "version": "0.1.4",
      "resolved": "https://registry.npmjs.org/scipy/-/scipy-0.1.4.tgz",
      "integrity": "sha512-ncZZUHzI3duTvec2MxyPBhS2CCXUajZEsaNUqa9FV865tRyxQOt15zOtL+eAlvIax5BS1QGwYC7RXrpgpsPxWg==",
      "license": "MIT"
    },
    "node_modules/sqlalchemy": {
      "version": "10.1.1",
      "resolved": "https://registry.npmjs.org/sqlalchemy/-/sqlalchemy-10.1.1.tgz",
      "integrity": "sha512-ZpS3it4Eb+5eofOvjGvHdAtkdNTwi3x5v+GYLmG9PV28WV8dG86SgfWpOg65GSTb9KT96TDiP5LUyo2wUUaGQQ==",
      "license": "ISC"
    }
  }
}
